
Microsoft Visual Studio Solution File, Format Version 12.00
Project("{FAE04EC0-301F-11D3-BF4B-00C04F79EFBC}") = "FlightSystem_SEC402", "FlightSystem_SEC402.csproj", "{ABC08BD6-6431-460B-B405-9E6E36045906}"
EndProject
Global
	GlobalSection(SolutionConfigurationPlatforms) = preSolution
		Debug|Any CPU = Debug|Any CPU
		Release|Any CPU = Release|Any CPU
	EndGlobalSection
	GlobalSection(ProjectConfigurationPlatforms) = postSolution
		{ABC08BD6-6431-460B-B405-9E6E36045906}.Debug|Any CPU.ActiveCfg = Debug|Any CPU
		{ABC08BD6-6431-460B-B405-9E6E36045906}.Debug|Any CPU.Build.0 = Debug|Any CPU
		{ABC08BD6-6431-460B-B405-9E6E36045906}.Release|Any CPU.ActiveCfg = Release|Any CPU
		{ABC08BD6-6431-460B-B405-9E6E36045906}.Release|Any CPU.Build.0 = Release|Any CPU
	EndGlobalSection
EndGlobal
