
Microsoft Visual Studio Solution File, Format Version 12.00
Project("{FAE04EC0-301F-11D3-BF4B-00C04F79EFBC}") = "CourseClass_SEC402", "CourseClass_SEC402.csproj", "{A1291092-768E-48B2-8BF3-50C15989EC4B}"
EndProject
Global
	GlobalSection(SolutionConfigurationPlatforms) = preSolution
		Debug|Any CPU = Debug|Any CPU
		Release|Any CPU = Release|Any CPU
	EndGlobalSection
	GlobalSection(ProjectConfigurationPlatforms) = postSolution
		{A1291092-768E-48B2-8BF3-50C15989EC4B}.Debug|Any CPU.ActiveCfg = Debug|Any CPU
		{A1291092-768E-48B2-8BF3-50C15989EC4B}.Debug|Any CPU.Build.0 = Debug|Any CPU
		{A1291092-768E-48B2-8BF3-50C15989EC4B}.Release|Any CPU.ActiveCfg = Release|Any CPU
		{A1291092-768E-48B2-8BF3-50C15989EC4B}.Release|Any CPU.Build.0 = Release|Any CPU
	EndGlobalSection
EndGlobal
