
Microsoft Visual Studio Solution File, Format Version 12.00
Project("{FAE04EC0-301F-11D3-BF4B-00C04F79EFBC}") = "AstronautApp_SEC402", "AstronautApp_SEC402.csproj", "{AFB98AA9-63EA-45EC-BEB4-104FFD264ABD}"
EndProject
Global
	GlobalSection(SolutionConfigurationPlatforms) = preSolution
		Debug|Any CPU = Debug|Any CPU
		Release|Any CPU = Release|Any CPU
	EndGlobalSection
	GlobalSection(ProjectConfigurationPlatforms) = postSolution
		{AFB98AA9-63EA-45EC-BEB4-104FFD264ABD}.Debug|Any CPU.ActiveCfg = Debug|Any CPU
		{AFB98AA9-63EA-45EC-BEB4-104FFD264ABD}.Debug|Any CPU.Build.0 = Debug|Any CPU
		{AFB98AA9-63EA-45EC-BEB4-104FFD264ABD}.Release|Any CPU.ActiveCfg = Release|Any CPU
		{AFB98AA9-63EA-45EC-BEB4-104FFD264ABD}.Release|Any CPU.Build.0 = Release|Any CPU
	EndGlobalSection
EndGlobal
