
Microsoft Visual Studio Solution File, Format Version 12.00
Project("{FAE04EC0-301F-11D3-BF4B-00C04F79EFBC}") = "SampleIO_SEC402", "SampleIO_SEC402.csproj", "{F4AB946A-BDDB-45E1-A070-377E1E1AC1A0}"
EndProject
Global
	GlobalSection(SolutionConfigurationPlatforms) = preSolution
		Debug|Any CPU = Debug|Any CPU
		Release|Any CPU = Release|Any CPU
	EndGlobalSection
	GlobalSection(ProjectConfigurationPlatforms) = postSolution
		{F4AB946A-BDDB-45E1-A070-377E1E1AC1A0}.Debug|Any CPU.ActiveCfg = Debug|Any CPU
		{F4AB946A-BDDB-45E1-A070-377E1E1AC1A0}.Debug|Any CPU.Build.0 = Debug|Any CPU
		{F4AB946A-BDDB-45E1-A070-377E1E1AC1A0}.Release|Any CPU.ActiveCfg = Release|Any CPU
		{F4AB946A-BDDB-45E1-A070-377E1E1AC1A0}.Release|Any CPU.Build.0 = Release|Any CPU
	EndGlobalSection
EndGlobal
